
Microsoft Visual Studio Solution File, Format Version 12.00
# Visual Studio Version 16
VisualStudioVersion = 16.0.31515.178
MinimumVisualStudioVersion = 10.0.40219.1
Project("{FAE04EC0-301F-11D3-BF4B-00C04F79EFBC}") = "WpfApp", "WpfApp.csproj", "{50C51EB7-2DD3-4605-8E20-89A5D0AAA3B6}"
EndProject
Global
	GlobalSection(SolutionConfigurationPlatforms) = preSolution
		Debug|Any CPU = Debug|Any CPU
		Release|Any CPU = Release|Any CPU
	EndGlobalSection
	GlobalSection(ProjectConfigurationPlatforms) = postSolution
		{50C51EB7-2DD3-4605-8E20-89A5D0AAA3B6}.Debug|Any CPU.ActiveCfg = Debug|Any CPU
		{50C51EB7-2DD3-4605-8E20-89A5D0AAA3B6}.Debug|Any CPU.Build.0 = Debug|Any CPU
		{50C51EB7-2DD3-4605-8E20-89A5D0AAA3B6}.Release|Any CPU.ActiveCfg = Release|Any CPU
		{50C51EB7-2DD3-4605-8E20-89A5D0AAA3B6}.Release|Any CPU.Build.0 = Release|Any CPU
	EndGlobalSection
	GlobalSection(SolutionProperties) = preSolution
		HideSolutionNode = FALSE
	EndGlobalSection
	GlobalSection(ExtensibilityGlobals) = postSolution
		SolutionGuid = {6DD3A486-1A86-4CEF-85D8-DEDD8CB832A4}
	EndGlobalSection
EndGlobal
